{
  "object": {
    "pins": [
      {
        "package": "CZTestUtils",
        "repositoryURL": "https://github.com/geekaurora/CZTestUtils.git",
        "state": {
          "branch": null,
          "revision": "fee1c04183de55cf07ce699e25bc6d27e308f49b",
          "version": "1.1.2"
        }
      },
      {
        "package": "CZUtils",
        "repositoryURL": "https://github.com/geekaurora/CZUtils.git",
        "state": {
          "branch": null,
          "revision": "0c3963471a5485c0a33f09e57c46639f04b5c0e4",
          "version": "3.8.0"
        }
      }
    ]
  },
  "version": 1
}
