{
  "object": {
    "pins": [
      {
        "package": "CZTestUtils",
        "repositoryURL": "https://github.com/geekaurora/CZTestUtils.git",
        "state": {
          "branch": null,
          "revision": "fee1c04183de55cf07ce699e25bc6d27e308f49b",
          "version": "1.1.2"
        }
      },
      {
        "package": "CZUtils",
        "repositoryURL": "https://github.com/geekaurora/CZUtils.git",
        "state": {
          "branch": null,
          "revision": "18aa602d0f4dc8ed2e6de13ee49653ebbf62a39e",
          "version": "3.7.0"
        }
      }
    ]
  },
  "version": 1
}
