{
  "object": {
    "pins": [
      {
        "package": "CZDispatchQueue",
        "repositoryURL": "https://github.com/geekaurora/CZDispatchQueue.git",
        "state": {
          "branch": null,
          "revision": "cea1171acfbf968a2427878655d086797deb97c5",
          "version": "2.1.0"
        }
      },
      {
        "package": "CZUtils",
        "repositoryURL": "https://github.com/geekaurora/CZUtils.git",
        "state": {
          "branch": null,
          "revision": "18aa602d0f4dc8ed2e6de13ee49653ebbf62a39e",
          "version": "3.7.0"
        }
      }
    ]
  },
  "version": 1
}
